
Microsoft Visual Studio Solution File, Format Version 12.00
# Visual Studio 15
VisualStudioVersion = 15.0.27130.2036
MinimumVisualStudioVersion = 10.0.40219.1
Project("{9A19103F-16F7-4668-BE54-9A1E7A4F7556}") = "BookstoreCore", "BookstoreCore\BookstoreCore.csproj", "{9DDC64A6-0DF2-4CF1-A99B-B50B9CE6F2EA}"
EndProject
Project("{9A19103F-16F7-4668-BE54-9A1E7A4F7556}") = "Domain", "Domain\Domain.csproj", "{BE9F72A4-1924-4332-846B-8BB75CB8A6CA}"
EndProject
Global
	GlobalSection(SolutionConfigurationPlatforms) = preSolution
		Debug|Any CPU = Debug|Any CPU
		Release|Any CPU = Release|Any CPU
	EndGlobalSection
	GlobalSection(ProjectConfigurationPlatforms) = postSolution
		{9DDC64A6-0DF2-4CF1-A99B-B50B9CE6F2EA}.Debug|Any CPU.ActiveCfg = Debug|Any CPU
		{9DDC64A6-0DF2-4CF1-A99B-B50B9CE6F2EA}.Debug|Any CPU.Build.0 = Debug|Any CPU
		{9DDC64A6-0DF2-4CF1-A99B-B50B9CE6F2EA}.Release|Any CPU.ActiveCfg = Release|Any CPU
		{9DDC64A6-0DF2-4CF1-A99B-B50B9CE6F2EA}.Release|Any CPU.Build.0 = Release|Any CPU
		{BE9F72A4-1924-4332-846B-8BB75CB8A6CA}.Debug|Any CPU.ActiveCfg = Debug|Any CPU
		{BE9F72A4-1924-4332-846B-8BB75CB8A6CA}.Debug|Any CPU.Build.0 = Debug|Any CPU
		{BE9F72A4-1924-4332-846B-8BB75CB8A6CA}.Release|Any CPU.ActiveCfg = Release|Any CPU
		{BE9F72A4-1924-4332-846B-8BB75CB8A6CA}.Release|Any CPU.Build.0 = Release|Any CPU
	EndGlobalSection
	GlobalSection(SolutionProperties) = preSolution
		HideSolutionNode = FALSE
	EndGlobalSection
	GlobalSection(ExtensibilityGlobals) = postSolution
		SolutionGuid = {F11D0BBE-C497-40A3-A96B-8A8248C260E8}
	EndGlobalSection
EndGlobal
